
Microsoft Visual Studio Solution File, Format Version 12.00
# Visual Studio Version 17
VisualStudioVersion = 17.2.32630.192
MinimumVisualStudioVersion = 10.0.40219.1
Project("{FAE04EC0-301F-11D3-BF4B-00C04F79EFBC}") = "PR-20.101_Farukov_4", "PR-20.101_Farukov_4\PR-20.101_Farukov_4.csproj", "{6CA7D0C5-3049-4043-B43A-D767711D1B0C}"
EndProject
Global
	GlobalSection(SolutionConfigurationPlatforms) = preSolution
		Debug|Any CPU = Debug|Any CPU
		Release|Any CPU = Release|Any CPU
	EndGlobalSection
	GlobalSection(ProjectConfigurationPlatforms) = postSolution
		{6CA7D0C5-3049-4043-B43A-D767711D1B0C}.Debug|Any CPU.ActiveCfg = Debug|Any CPU
		{6CA7D0C5-3049-4043-B43A-D767711D1B0C}.Debug|Any CPU.Build.0 = Debug|Any CPU
		{6CA7D0C5-3049-4043-B43A-D767711D1B0C}.Release|Any CPU.ActiveCfg = Release|Any CPU
		{6CA7D0C5-3049-4043-B43A-D767711D1B0C}.Release|Any CPU.Build.0 = Release|Any CPU
	EndGlobalSection
	GlobalSection(SolutionProperties) = preSolution
		HideSolutionNode = FALSE
	EndGlobalSection
	GlobalSection(ExtensibilityGlobals) = postSolution
		SolutionGuid = {FE7CFCBA-5B3D-4126-87F9-5CB3F8E4CD4D}
	EndGlobalSection
EndGlobal
